
Microsoft Visual Studio Solution File, Format Version 12.00
# Visual Studio Version 17
VisualStudioVersion = 17.14.36518.9 d17.14
MinimumVisualStudioVersion = 10.0.40219.1
Project("{FAE04EC0-301F-11D3-BF4B-00C04F79EFBC}") = "WhatIsMyWeather", "WhatIsMyWeather\WhatIsMyWeather.csproj", "{DAAA2CF6-3C0A-4DA9-9451-670BE431B57B}"
EndProject
Global
	GlobalSection(SolutionConfigurationPlatforms) = preSolution
		Debug|Any CPU = Debug|Any CPU
		Release|Any CPU = Release|Any CPU
	EndGlobalSection
	GlobalSection(ProjectConfigurationPlatforms) = postSolution
		{DAAA2CF6-3C0A-4DA9-9451-670BE431B57B}.Debug|Any CPU.ActiveCfg = Debug|Any CPU
		{DAAA2CF6-3C0A-4DA9-9451-670BE431B57B}.Debug|Any CPU.Build.0 = Debug|Any CPU
		{DAAA2CF6-3C0A-4DA9-9451-670BE431B57B}.Release|Any CPU.ActiveCfg = Release|Any CPU
		{DAAA2CF6-3C0A-4DA9-9451-670BE431B57B}.Release|Any CPU.Build.0 = Release|Any CPU
	EndGlobalSection
	GlobalSection(SolutionProperties) = preSolution
		HideSolutionNode = FALSE
	EndGlobalSection
	GlobalSection(ExtensibilityGlobals) = postSolution
		SolutionGuid = {45E6D15A-67BC-42F5-AE73-4D6C8BE90B05}
	EndGlobalSection
EndGlobal
